
Microsoft Visual Studio Solution File, Format Version 12.00
# Visual Studio Version 17
VisualStudioVersion = 17.10.35027.167
MinimumVisualStudioVersion = 10.0.40219.1
Project("{FAE04EC0-301F-11D3-BF4B-00C04F79EFBC}") = "GitShark", "GitShark\GitShark.csproj", "{E922C727-84E0-4242-862C-413AD7FC3CD8}"
EndProject
Global
	GlobalSection(SolutionConfigurationPlatforms) = preSolution
		Debug|Any CPU = Debug|Any CPU
		Release|Any CPU = Release|Any CPU
	EndGlobalSection
	GlobalSection(ProjectConfigurationPlatforms) = postSolution
		{E922C727-84E0-4242-862C-413AD7FC3CD8}.Debug|Any CPU.ActiveCfg = Debug|Any CPU
		{E922C727-84E0-4242-862C-413AD7FC3CD8}.Debug|Any CPU.Build.0 = Debug|Any CPU
		{E922C727-84E0-4242-862C-413AD7FC3CD8}.Release|Any CPU.ActiveCfg = Release|Any CPU
		{E922C727-84E0-4242-862C-413AD7FC3CD8}.Release|Any CPU.Build.0 = Release|Any CPU
	EndGlobalSection
	GlobalSection(SolutionProperties) = preSolution
		HideSolutionNode = FALSE
	EndGlobalSection
	GlobalSection(ExtensibilityGlobals) = postSolution
		SolutionGuid = {D51A6EB2-89CC-4B1A-A219-C40B8ED2DBBD}
	EndGlobalSection
EndGlobal
